
Microsoft Visual Studio Solution File, Format Version 12.00
# Visual Studio 15
VisualStudioVersion = 15.0.28010.2041
MinimumVisualStudioVersion = 10.0.40219.1
Project("{FAE04EC0-301F-11D3-BF4B-00C04F79EFBC}") = "mvcWineWebsite", "mvcWineWebsite\mvcWineWebsite.csproj", "{B215B159-3FF0-44E5-BDBF-CA28EF3D6E8D}"
EndProject
Global
	GlobalSection(SolutionConfigurationPlatforms) = preSolution
		Debug|Any CPU = Debug|Any CPU
		Release|Any CPU = Release|Any CPU
	EndGlobalSection
	GlobalSection(ProjectConfigurationPlatforms) = postSolution
		{B215B159-3FF0-44E5-BDBF-CA28EF3D6E8D}.Debug|Any CPU.ActiveCfg = Debug|Any CPU
		{B215B159-3FF0-44E5-BDBF-CA28EF3D6E8D}.Debug|Any CPU.Build.0 = Debug|Any CPU
		{B215B159-3FF0-44E5-BDBF-CA28EF3D6E8D}.Release|Any CPU.ActiveCfg = Release|Any CPU
		{B215B159-3FF0-44E5-BDBF-CA28EF3D6E8D}.Release|Any CPU.Build.0 = Release|Any CPU
	EndGlobalSection
	GlobalSection(SolutionProperties) = preSolution
		HideSolutionNode = FALSE
	EndGlobalSection
	GlobalSection(ExtensibilityGlobals) = postSolution
		SolutionGuid = {15CD2319-AEFD-4E77-9072-EC8ECCFF9527}
	EndGlobalSection
EndGlobal
